
Microsoft Visual Studio Solution File, Format Version 12.00
# Visual Studio 14
VisualStudioVersion = 14.0.25420.1
MinimumVisualStudioVersion = 10.0.40219.1
Project("{2150E333-8FDC-42A3-9474-1A3956D46DE8}") = "OpenGLESApp1.Android.Application", "OpenGLESApp1.Android.Application", "{F821ABF2-43C8-4F7C-ABCA-B2C469EB8075}"
EndProject
Project("{39E2626F-3545-4960-A6E8-258AD8476CE5}") = "OpenGLESApp1.Android.Application", "OpenGLESApp1\OpenGLESApp1.Android.Application\OpenGLESApp1.Android.Application.androidproj", "{F9093BEF-EE67-450F-8DF6-2E0F44D7BE2C}"
EndProject
Project("{8BC9CEB8-8B4A-11D0-8D11-00A0C91BC942}") = "OpenGLESApp1.Android.NativeActivity", "OpenGLESApp1\OpenGLESApp1.Android.NativeActivity\OpenGLESApp1.Android.NativeActivity.vcxproj", "{E4F402B0-6935-484A-8417-825DE11CD8DE}"
EndProject
Project("{740547C8-F205-44CF-8284-0B59C7DD69BD}") = "OpenGLESApp1.iOS.Application", "OpenGLESApp1\OpenGLESApp1.iOS.Application\OpenGLESApp1.iOS.Application.xcodeproj\project.pbxproj", "{514F4363-37F6-42D2-8992-8518B2A5C6B7}"
EndProject
Project("{8BC9CEB8-8B4A-11D0-8D11-00A0C91BC942}") = "OpenGLESApp1.WindowsUniversal.Application", "OpenGLESApp1\OpenGLESApp1.WindowsUniversal.Application\OpenGLESApp1.WindowsUniversal.Application.vcxproj", "{DA568DE8-CC1A-419C-91A0-CB2B430F5B70}"
EndProject
Project("{2150E333-8FDC-42A3-9474-1A3956D46DE8}") = "Library", "Library", "{39DF7D74-358C-495E-9155-E39F184E3E7F}"
EndProject
Project("{8BC9CEB8-8B4A-11D0-8D11-00A0C91BC942}") = "OpenGLESApp1.Shared", "OpenGLESApp1\OpenGLESApp1.Shared\OpenGLESApp1.Shared.vcxitems", "{59986188-B986-4D4F-BF79-5A20878D84D4}"
EndProject
Project("{8BC9CEB8-8B4A-11D0-8D11-00A0C91BC942}") = "OpenGLESApp1.Android.StaticLibrary", "OpenGLESApp1\OpenGLESApp1.Android.StaticLibrary\OpenGLESApp1.Android.StaticLibrary.vcxproj", "{430866BF-F490-4864-80DA-8FD7C9FE94DF}"
EndProject
Project("{8BC9CEB8-8B4A-11D0-8D11-00A0C91BC942}") = "OpenGLESApp1.iOS.StaticLibrary", "OpenGLESApp1\OpenGLESApp1.iOS.StaticLibrary\OpenGLESApp1.iOS.StaticLibrary.vcxproj", "{55AF3086-BBC4-456C-87C6-769C08AA48B1}"
EndProject
Project("{8BC9CEB8-8B4A-11D0-8D11-00A0C91BC942}") = "OpenGLESApp1.WindowsUniversal.StaticLibrary", "OpenGLESApp1\OpenGLESApp1.WindowsUniversal.StaticLibrary\OpenGLESApp1.WindowsUniversal.StaticLibrary.vcxproj", "{06A16B77-3B8E-4F93-8C93-D6FD7ED0F3AD}"
EndProject
Global
	GlobalSection(SharedMSBuildProjectFiles) = preSolution
		OpenGLESApp1\OpenGLESApp1.Shared\OpenGLESApp1.Shared.vcxitems*{06a16b77-3b8e-4f93-8c93-d6fd7ed0f3ad}*SharedItemsImports = 4
		OpenGLESApp1\OpenGLESApp1.Shared\OpenGLESApp1.Shared.vcxitems*{430866bf-f490-4864-80da-8fd7c9fe94df}*SharedItemsImports = 4
		OpenGLESApp1\OpenGLESApp1.Shared\OpenGLESApp1.Shared.vcxitems*{55af3086-bbc4-456c-87c6-769c08aa48b1}*SharedItemsImports = 4
		OpenGLESApp1\OpenGLESApp1.Shared\OpenGLESApp1.Shared.vcxitems*{59986188-b986-4d4f-bf79-5a20878d84d4}*SharedItemsImports = 9
	EndGlobalSection
	GlobalSection(SolutionConfigurationPlatforms) = preSolution
		Debug|ARM = Debug|ARM
		Debug|ARM64 = Debug|ARM64
		Debug|x64 = Debug|x64
		Debug|x86 = Debug|x86
		Release|ARM = Release|ARM
		Release|ARM64 = Release|ARM64
		Release|x64 = Release|x64
		Release|x86 = Release|x86
	EndGlobalSection
	GlobalSection(ProjectConfigurationPlatforms) = postSolution
		{F9093BEF-EE67-450F-8DF6-2E0F44D7BE2C}.Debug|ARM.ActiveCfg = Debug|ARM
		{F9093BEF-EE67-450F-8DF6-2E0F44D7BE2C}.Debug|ARM.Build.0 = Debug|ARM
		{F9093BEF-EE67-450F-8DF6-2E0F44D7BE2C}.Debug|ARM.Deploy.0 = Debug|ARM
		{F9093BEF-EE67-450F-8DF6-2E0F44D7BE2C}.Debug|ARM64.ActiveCfg = Debug|ARM64
		{F9093BEF-EE67-450F-8DF6-2E0F44D7BE2C}.Debug|ARM64.Build.0 = Debug|ARM64
		{F9093BEF-EE67-450F-8DF6-2E0F44D7BE2C}.Debug|ARM64.Deploy.0 = Debug|ARM64
		{F9093BEF-EE67-450F-8DF6-2E0F44D7BE2C}.Debug|x64.ActiveCfg = Debug|x64
		{F9093BEF-EE67-450F-8DF6-2E0F44D7BE2C}.Debug|x64.Build.0 = Debug|x64
		{F9093BEF-EE67-450F-8DF6-2E0F44D7BE2C}.Debug|x64.Deploy.0 = Debug|x64
		{F9093BEF-EE67-450F-8DF6-2E0F44D7BE2C}.Debug|x86.ActiveCfg = Debug|x86
		{F9093BEF-EE67-450F-8DF6-2E0F44D7BE2C}.Debug|x86.Build.0 = Debug|x86
		{F9093BEF-EE67-450F-8DF6-2E0F44D7BE2C}.Debug|x86.Deploy.0 = Debug|x86
		{F9093BEF-EE67-450F-8DF6-2E0F44D7BE2C}.Release|ARM.ActiveCfg = Release|ARM
		{F9093BEF-EE67-450F-8DF6-2E0F44D7BE2C}.Release|ARM.Build.0 = Release|ARM
		{F9093BEF-EE67-450F-8DF6-2E0F44D7BE2C}.Release|ARM.Deploy.0 = Release|ARM
		{F9093BEF-EE67-450F-8DF6-2E0F44D7BE2C}.Release|ARM64.ActiveCfg = Release|ARM64
		{F9093BEF-EE67-450F-8DF6-2E0F44D7BE2C}.Release|ARM64.Build.0 = Release|ARM64
		{F9093BEF-EE67-450F-8DF6-2E0F44D7BE2C}.Release|ARM64.Deploy.0 = Release|ARM64
		{F9093BEF-EE67-450F-8DF6-2E0F44D7BE2C}.Release|x64.ActiveCfg = Release|x64
		{F9093BEF-EE67-450F-8DF6-2E0F44D7BE2C}.Release|x64.Build.0 = Release|x64
		{F9093BEF-EE67-450F-8DF6-2E0F44D7BE2C}.Release|x64.Deploy.0 = Release|x64
		{F9093BEF-EE67-450F-8DF6-2E0F44D7BE2C}.Release|x86.ActiveCfg = Release|x86
		{F9093BEF-EE67-450F-8DF6-2E0F44D7BE2C}.Release|x86.Build.0 = Release|x86
		{F9093BEF-EE67-450F-8DF6-2E0F44D7BE2C}.Release|x86.Deploy.0 = Release|x86
		{E4F402B0-6935-484A-8417-825DE11CD8DE}.Debug|ARM.ActiveCfg = Debug|ARM
		{E4F402B0-6935-484A-8417-825DE11CD8DE}.Debug|ARM.Build.0 = Debug|ARM
		{E4F402B0-6935-484A-8417-825DE11CD8DE}.Debug|ARM64.ActiveCfg = Debug|ARM64
		{E4F402B0-6935-484A-8417-825DE11CD8DE}.Debug|ARM64.Build.0 = Debug|ARM64
		{E4F402B0-6935-484A-8417-825DE11CD8DE}.Debug|x64.ActiveCfg = Debug|x64
		{E4F402B0-6935-484A-8417-825DE11CD8DE}.Debug|x64.Build.0 = Debug|x64
		{E4F402B0-6935-484A-8417-825DE11CD8DE}.Debug|x86.ActiveCfg = Debug|x86
		{E4F402B0-6935-484A-8417-825DE11CD8DE}.Debug|x86.Build.0 = Debug|x86
		{E4F402B0-6935-484A-8417-825DE11CD8DE}.Release|ARM.ActiveCfg = Release|ARM
		{E4F402B0-6935-484A-8417-825DE11CD8DE}.Release|ARM.Build.0 = Release|ARM
		{E4F402B0-6935-484A-8417-825DE11CD8DE}.Release|ARM64.ActiveCfg = Release|ARM64
		{E4F402B0-6935-484A-8417-825DE11CD8DE}.Release|ARM64.Build.0 = Release|ARM64
		{E4F402B0-6935-484A-8417-825DE11CD8DE}.Release|x64.ActiveCfg = Release|x64
		{E4F402B0-6935-484A-8417-825DE11CD8DE}.Release|x64.Build.0 = Release|x64
		{E4F402B0-6935-484A-8417-825DE11CD8DE}.Release|x86.ActiveCfg = Release|x86
		{E4F402B0-6935-484A-8417-825DE11CD8DE}.Release|x86.Build.0 = Release|x86
		{514F4363-37F6-42D2-8992-8518B2A5C6B7}.Debug|ARM.ActiveCfg = Debug|ARM
		{514F4363-37F6-42D2-8992-8518B2A5C6B7}.Debug|ARM.Build.0 = Debug|ARM
		{514F4363-37F6-42D2-8992-8518B2A5C6B7}.Debug|ARM.Deploy.0 = Debug|ARM
		{514F4363-37F6-42D2-8992-8518B2A5C6B7}.Debug|ARM64.ActiveCfg = Debug|ARM64
		{514F4363-37F6-42D2-8992-8518B2A5C6B7}.Debug|ARM64.Build.0 = Debug|ARM64
		{514F4363-37F6-42D2-8992-8518B2A5C6B7}.Debug|ARM64.Deploy.0 = Debug|ARM64
		{514F4363-37F6-42D2-8992-8518B2A5C6B7}.Debug|x64.ActiveCfg = Debug|x64
		{514F4363-37F6-42D2-8992-8518B2A5C6B7}.Debug|x64.Build.0 = Debug|x64
		{514F4363-37F6-42D2-8992-8518B2A5C6B7}.Debug|x64.Deploy.0 = Debug|x64
		{514F4363-37F6-42D2-8992-8518B2A5C6B7}.Debug|x86.ActiveCfg = Debug|x86
		{514F4363-37F6-42D2-8992-8518B2A5C6B7}.Debug|x86.Build.0 = Debug|x86
		{514F4363-37F6-42D2-8992-8518B2A5C6B7}.Debug|x86.Deploy.0 = Debug|x86
		{514F4363-37F6-42D2-8992-8518B2A5C6B7}.Release|ARM.ActiveCfg = Release|ARM
		{514F4363-37F6-42D2-8992-8518B2A5C6B7}.Release|ARM.Build.0 = Release|ARM
		{514F4363-37F6-42D2-8992-8518B2A5C6B7}.Release|ARM.Deploy.0 = Release|ARM
		{514F4363-37F6-42D2-8992-8518B2A5C6B7}.Release|ARM64.ActiveCfg = Release|ARM64
		{514F4363-37F6-42D2-8992-8518B2A5C6B7}.Release|ARM64.Build.0 = Release|ARM64
		{514F4363-37F6-42D2-8992-8518B2A5C6B7}.Release|ARM64.Deploy.0 = Release|ARM64
		{514F4363-37F6-42D2-8992-8518B2A5C6B7}.Release|x64.ActiveCfg = Release|x64
		{514F4363-37F6-42D2-8992-8518B2A5C6B7}.Release|x64.Build.0 = Release|x64
		{514F4363-37F6-42D2-8992-8518B2A5C6B7}.Release|x64.Deploy.0 = Release|x64
		{514F4363-37F6-42D2-8992-8518B2A5C6B7}.Release|x86.ActiveCfg = Release|x86
		{514F4363-37F6-42D2-8992-8518B2A5C6B7}.Release|x86.Build.0 = Release|x86
		{514F4363-37F6-42D2-8992-8518B2A5C6B7}.Release|x86.Deploy.0 = Release|x86
		{DA568DE8-CC1A-419C-91A0-CB2B430F5B70}.Debug|ARM.ActiveCfg = Debug|ARM
		{DA568DE8-CC1A-419C-91A0-CB2B430F5B70}.Debug|ARM.Build.0 = Debug|ARM
		{DA568DE8-CC1A-419C-91A0-CB2B430F5B70}.Debug|ARM.Deploy.0 = Debug|ARM
		{DA568DE8-CC1A-419C-91A0-CB2B430F5B70}.Debug|ARM64.ActiveCfg = Debug|Win32
		{DA568DE8-CC1A-419C-91A0-CB2B430F5B70}.Debug|x64.ActiveCfg = Debug|x64
		{DA568DE8-CC1A-419C-91A0-CB2B430F5B70}.Debug|x64.Build.0 = Debug|x64
		{DA568DE8-CC1A-419C-91A0-CB2B430F5B70}.Debug|x64.Deploy.0 = Debug|x64
		{DA568DE8-CC1A-419C-91A0-CB2B430F5B70}.Debug|x86.ActiveCfg = Debug|Win32
		{DA568DE8-CC1A-419C-91A0-CB2B430F5B70}.Debug|x86.Build.0 = Debug|Win32
		{DA568DE8-CC1A-419C-91A0-CB2B430F5B70}.Debug|x86.Deploy.0 = Debug|Win32
		{DA568DE8-CC1A-419C-91A0-CB2B430F5B70}.Release|ARM.ActiveCfg = Release|ARM
		{DA568DE8-CC1A-419C-91A0-CB2B430F5B70}.Release|ARM.Build.0 = Release|ARM
		{DA568DE8-CC1A-419C-91A0-CB2B430F5B70}.Release|ARM.Deploy.0 = Release|ARM
		{DA568DE8-CC1A-419C-91A0-CB2B430F5B70}.Release|ARM64.ActiveCfg = Release|Win32
		{DA568DE8-CC1A-419C-91A0-CB2B430F5B70}.Release|x64.ActiveCfg = Release|x64
		{DA568DE8-CC1A-419C-91A0-CB2B430F5B70}.Release|x64.Build.0 = Release|x64
		{DA568DE8-CC1A-419C-91A0-CB2B430F5B70}.Release|x64.Deploy.0 = Release|x64
		{DA568DE8-CC1A-419C-91A0-CB2B430F5B70}.Release|x86.ActiveCfg = Release|Win32
		{DA568DE8-CC1A-419C-91A0-CB2B430F5B70}.Release|x86.Build.0 = Release|Win32
		{DA568DE8-CC1A-419C-91A0-CB2B430F5B70}.Release|x86.Deploy.0 = Release|Win32
		{430866BF-F490-4864-80DA-8FD7C9FE94DF}.Debug|ARM.ActiveCfg = Debug|ARM
		{430866BF-F490-4864-80DA-8FD7C9FE94DF}.Debug|ARM.Build.0 = Debug|ARM
		{430866BF-F490-4864-80DA-8FD7C9FE94DF}.Debug|ARM64.ActiveCfg = Debug|ARM64
		{430866BF-F490-4864-80DA-8FD7C9FE94DF}.Debug|ARM64.Build.0 = Debug|ARM64
		{430866BF-F490-4864-80DA-8FD7C9FE94DF}.Debug|x64.ActiveCfg = Debug|x64
		{430866BF-F490-4864-80DA-8FD7C9FE94DF}.Debug|x64.Build.0 = Debug|x64
		{430866BF-F490-4864-80DA-8FD7C9FE94DF}.Debug|x86.ActiveCfg = Debug|x86
		{430866BF-F490-4864-80DA-8FD7C9FE94DF}.Debug|x86.Build.0 = Debug|x86
		{430866BF-F490-4864-80DA-8FD7C9FE94DF}.Release|ARM.ActiveCfg = Release|ARM
		{430866BF-F490-4864-80DA-8FD7C9FE94DF}.Release|ARM.Build.0 = Release|ARM
		{430866BF-F490-4864-80DA-8FD7C9FE94DF}.Release|ARM64.ActiveCfg = Release|ARM64
		{430866BF-F490-4864-80DA-8FD7C9FE94DF}.Release|ARM64.Build.0 = Release|ARM64
		{430866BF-F490-4864-80DA-8FD7C9FE94DF}.Release|x64.ActiveCfg = Release|x64
		{430866BF-F490-4864-80DA-8FD7C9FE94DF}.Release|x64.Build.0 = Release|x64
		{430866BF-F490-4864-80DA-8FD7C9FE94DF}.Release|x86.ActiveCfg = Release|x86
		{430866BF-F490-4864-80DA-8FD7C9FE94DF}.Release|x86.Build.0 = Release|x86
		{55AF3086-BBC4-456C-87C6-769C08AA48B1}.Debug|ARM.ActiveCfg = Debug|ARM
		{55AF3086-BBC4-456C-87C6-769C08AA48B1}.Debug|ARM.Build.0 = Debug|ARM
		{55AF3086-BBC4-456C-87C6-769C08AA48B1}.Debug|ARM64.ActiveCfg = Debug|ARM64
		{55AF3086-BBC4-456C-87C6-769C08AA48B1}.Debug|ARM64.Build.0 = Debug|ARM64
		{55AF3086-BBC4-456C-87C6-769C08AA48B1}.Debug|x64.ActiveCfg = Debug|x64
		{55AF3086-BBC4-456C-87C6-769C08AA48B1}.Debug|x64.Build.0 = Debug|x64
		{55AF3086-BBC4-456C-87C6-769C08AA48B1}.Debug|x86.ActiveCfg = Debug|x86
		{55AF3086-BBC4-456C-87C6-769C08AA48B1}.Debug|x86.Build.0 = Debug|x86
		{55AF3086-BBC4-456C-87C6-769C08AA48B1}.Release|ARM.ActiveCfg = Release|ARM
		{55AF3086-BBC4-456C-87C6-769C08AA48B1}.Release|ARM.Build.0 = Release|ARM
		{55AF3086-BBC4-456C-87C6-769C08AA48B1}.Release|ARM64.ActiveCfg = Release|ARM64
		{55AF3086-BBC4-456C-87C6-769C08AA48B1}.Release|ARM64.Build.0 = Release|ARM64
		{55AF3086-BBC4-456C-87C6-769C08AA48B1}.Release|x64.ActiveCfg = Release|x64
		{55AF3086-BBC4-456C-87C6-769C08AA48B1}.Release|x64.Build.0 = Release|x64
		{55AF3086-BBC4-456C-87C6-769C08AA48B1}.Release|x86.ActiveCfg = Release|x86
		{55AF3086-BBC4-456C-87C6-769C08AA48B1}.Release|x86.Build.0 = Release|x86
		{06A16B77-3B8E-4F93-8C93-D6FD7ED0F3AD}.Debug|ARM.ActiveCfg = Debug|ARM
		{06A16B77-3B8E-4F93-8C93-D6FD7ED0F3AD}.Debug|ARM.Build.0 = Debug|ARM
		{06A16B77-3B8E-4F93-8C93-D6FD7ED0F3AD}.Debug|ARM64.ActiveCfg = Debug|Win32
		{06A16B77-3B8E-4F93-8C93-D6FD7ED0F3AD}.Debug|x64.ActiveCfg = Debug|x64
		{06A16B77-3B8E-4F93-8C93-D6FD7ED0F3AD}.Debug|x64.Build.0 = Debug|x64
		{06A16B77-3B8E-4F93-8C93-D6FD7ED0F3AD}.Debug|x86.ActiveCfg = Debug|Win32
		{06A16B77-3B8E-4F93-8C93-D6FD7ED0F3AD}.Debug|x86.Build.0 = Debug|Win32
		{06A16B77-3B8E-4F93-8C93-D6FD7ED0F3AD}.Release|ARM.ActiveCfg = Release|ARM
		{06A16B77-3B8E-4F93-8C93-D6FD7ED0F3AD}.Release|ARM.Build.0 = Release|ARM
		{06A16B77-3B8E-4F93-8C93-D6FD7ED0F3AD}.Release|ARM64.ActiveCfg = Release|Win32
		{06A16B77-3B8E-4F93-8C93-D6FD7ED0F3AD}.Release|x64.ActiveCfg = Release|x64
		{06A16B77-3B8E-4F93-8C93-D6FD7ED0F3AD}.Release|x64.Build.0 = Release|x64
		{06A16B77-3B8E-4F93-8C93-D6FD7ED0F3AD}.Release|x86.ActiveCfg = Release|Win32
		{06A16B77-3B8E-4F93-8C93-D6FD7ED0F3AD}.Release|x86.Build.0 = Release|Win32
	EndGlobalSection
	GlobalSection(SolutionProperties) = preSolution
		HideSolutionNode = FALSE
	EndGlobalSection
	GlobalSection(NestedProjects) = preSolution
		{F9093BEF-EE67-450F-8DF6-2E0F44D7BE2C} = {F821ABF2-43C8-4F7C-ABCA-B2C469EB8075}
		{E4F402B0-6935-484A-8417-825DE11CD8DE} = {F821ABF2-43C8-4F7C-ABCA-B2C469EB8075}
		{59986188-B986-4D4F-BF79-5A20878D84D4} = {39DF7D74-358C-495E-9155-E39F184E3E7F}
		{430866BF-F490-4864-80DA-8FD7C9FE94DF} = {39DF7D74-358C-495E-9155-E39F184E3E7F}
		{55AF3086-BBC4-456C-87C6-769C08AA48B1} = {39DF7D74-358C-495E-9155-E39F184E3E7F}
		{06A16B77-3B8E-4F93-8C93-D6FD7ED0F3AD} = {39DF7D74-358C-495E-9155-E39F184E3E7F}
	EndGlobalSection
EndGlobal
